{
    "_readme": [
        "This file locks the dependencies of your project to a known state",
        "Read more about it at https://getcomposer.org/doc/01-basic-usage.md#installing-dependencies",
        "This file is @generated automatically"
    ],
    "content-hash": "1d4559b37bd60b9bd9a8dad429b50ea2",
    "packages": [
        {
            "name": "archtechx/enums",
            "version": "dev-master",
            "source": {
                "type": "git",
                "url": "https://github.com/archtechx/enums.git",
                "reference": "922b6abdc1a0da0b9395cde7fe3b2cfabdbfc9c9"
            },
            "dist": {
                "type": "zip",
                "url": "https://api.github.com/repos/archtechx/enums/zipball/922b6abdc1a0da0b9395cde7fe3b2cfabdbfc9c9",
                "reference": "922b6abdc1a0da0b9395cde7fe3b2cfabdbfc9c9",
                "shasum": ""
            },
            "require": {
                "php": "^8.1"
            },
            "require-dev": {
                "nunomaduro/larastan": "^1.0|^2.4",
                "orchestra/testbench": "^7.0|^8.0",
                "pestphp/pest": "^1.2|^2.0",
                "pestphp/pest-plugin-laravel": "^1.0|^2.0"
            },
            "default-branch": true,
            "type": "library",
            "autoload": {
                "psr-4": {
                    "ArchTech\\Enums\\": "src/"
                }
            },
            "notification-url": "https://packagist.org/downloads/",
            "license": [
                "MIT"
            ],
            "authors": [
                {
                    "name": "Samuel Štancl",
                    "email": "samuel@archte.ch"
                }
            ],
            "description": "Helpers for making PHP enums more lovable.",
            "support": {
                "issues": "https://github.com/archtechx/enums/issues",
                "source": "https://github.com/archtechx/enums/tree/master"
            },
            "time": "2023-02-16T16:07:26+00:00"
        },
        {
            "name": "raid/core-command",
            "version": "dev-main",
            "source": {
                "type": "git",
                "url": "https://github.com/MohamedKhedr700/core-command.git",
                "reference": "0a422abf458c8fd329eba6166acb6ff8b357df33"
            },
            "dist": {
                "type": "zip",
                "url": "https://api.github.com/repos/MohamedKhedr700/core-command/zipball/0a422abf458c8fd329eba6166acb6ff8b357df33",
                "reference": "0a422abf458c8fd329eba6166acb6ff8b357df33",
                "shasum": ""
            },
            "require": {
                "php": "^8.2"
            },
            "require-dev": {
                "laravel/pint": "^1.10"
            },
            "default-branch": true,
            "type": "library",
            "extra": {
                "laravel": {
                    "providers": [
                        "Raid\\Core\\Command\\Providers\\CommandServiceProvider"
                    ]
                }
            },
            "autoload": {
                "psr-4": {
                    "Raid\\Core\\Command\\": "src"
                }
            },
            "notification-url": "https://packagist.org/downloads/",
            "license": [
                "MIT"
            ],
            "authors": [
                {
                    "name": "mohamed_khedr",
                    "email": "mohamedkhedr700@gmail.com"
                }
            ],
            "description": "Raid Core Command Package",
            "keywords": [
                "command",
                "core",
                "laravel",
                "raid"
            ],
            "support": {
                "issues": "https://github.com/MohamedKhedr700/core-command/issues",
                "source": "https://github.com/MohamedKhedr700/core-command/tree/main"
            },
            "time": "2023-09-28T22:40:50+00:00"
        },
        {
            "name": "raid/core-enum",
            "version": "dev-main",
            "source": {
                "type": "git",
                "url": "https://github.com/MohamedKhedr700/core-enum.git",
                "reference": "f566871b4891f24d135fde2c33e17097cc439cd7"
            },
            "dist": {
                "type": "zip",
                "url": "https://api.github.com/repos/MohamedKhedr700/core-enum/zipball/f566871b4891f24d135fde2c33e17097cc439cd7",
                "reference": "f566871b4891f24d135fde2c33e17097cc439cd7",
                "shasum": ""
            },
            "require": {
                "archtechx/enums": "*",
                "php": "^8.2"
            },
            "default-branch": true,
            "type": "library",
            "extra": {
                "laravel": {
                    "providers": [
                        "Raid\\Core\\Enum\\Providers\\EnumServiceProvider"
                    ]
                }
            },
            "autoload": {
                "psr-4": {
                    "Raid\\Core\\Enum\\": "src"
                }
            },
            "notification-url": "https://packagist.org/downloads/",
            "license": [
                "MIT"
            ],
            "authors": [
                {
                    "name": "mohamed_khedr",
                    "email": "mohamedkhedr700@gmail.com"
                }
            ],
            "description": "Raid Core Enum",
            "keywords": [
                "core",
                "enum",
                "laravel",
                "raid"
            ],
            "support": {
                "issues": "https://github.com/MohamedKhedr700/core-enum/issues",
                "source": "https://github.com/MohamedKhedr700/core-enum/tree/main"
            },
            "time": "2023-09-08T00:23:08+00:00"
        }
    ],
    "packages-dev": [
        {
            "name": "laravel/pint",
            "version": "v1.13.2",
            "source": {
                "type": "git",
                "url": "https://github.com/laravel/pint.git",
                "reference": "bbb13460d7f8c5c0cd9a58109beedd79cd7331ff"
            },
            "dist": {
                "type": "zip",
                "url": "https://api.github.com/repos/laravel/pint/zipball/bbb13460d7f8c5c0cd9a58109beedd79cd7331ff",
                "reference": "bbb13460d7f8c5c0cd9a58109beedd79cd7331ff",
                "shasum": ""
            },
            "require": {
                "ext-json": "*",
                "ext-mbstring": "*",
                "ext-tokenizer": "*",
                "ext-xml": "*",
                "php": "^8.1.0"
            },
            "require-dev": {
                "friendsofphp/php-cs-fixer": "^3.26.1",
                "illuminate/view": "^10.23.1",
                "laravel-zero/framework": "^10.1.2",
                "mockery/mockery": "^1.6.6",
                "nunomaduro/larastan": "^2.6.4",
                "nunomaduro/termwind": "^1.15.1",
                "pestphp/pest": "^2.18.2"
            },
            "bin": [
                "builds/pint"
            ],
            "type": "project",
            "autoload": {
                "psr-4": {
                    "App\\": "app/",
                    "Database\\Seeders\\": "database/seeders/",
                    "Database\\Factories\\": "database/factories/"
                }
            },
            "notification-url": "https://packagist.org/downloads/",
            "license": [
                "MIT"
            ],
            "authors": [
                {
                    "name": "Nuno Maduro",
                    "email": "enunomaduro@gmail.com"
                }
            ],
            "description": "An opinionated code formatter for PHP.",
            "homepage": "https://laravel.com",
            "keywords": [
                "format",
                "formatter",
                "lint",
                "linter",
                "php"
            ],
            "support": {
                "issues": "https://github.com/laravel/pint/issues",
                "source": "https://github.com/laravel/pint"
            },
            "time": "2023-09-19T15:55:02+00:00"
        }
    ],
    "aliases": [],
    "minimum-stability": "dev",
    "stability-flags": [],
    "prefer-stable": false,
    "prefer-lowest": false,
    "platform": {
        "php": "^8.2"
    },
    "platform-dev": [],
    "plugin-api-version": "2.3.0"
}
